# This file is automatically @generated by Cargo.
# It is not intended for manual editing.
version = 3

[[package]]
name = "fibonacci-heap"
version = "0.1.0"
dependencies = [
 "heap-operations",
]

[[package]]
name = "fibonacci-heap-benchmark"
version = "0.1.0"

[[package]]
name = "fibonacci-heap-runner"
version = "0.1.0"

[[package]]
name = "heap-operations"
version = "0.1.0"

[[package]]
name = "tree"
version = "0.1.0"
